
Microsoft Visual Studio Solution File, Format Version 12.00
# Visual Studio 14
VisualStudioVersion = 14.0.25420.1
MinimumVisualStudioVersion = 10.0.40219.1
Project("{FAE04EC0-301F-11D3-BF4B-00C04F79EFBC}") = "Es05_07", "Es05_07\Es05_07.csproj", "{8AB10CB6-6A3E-41F4-A9B1-CCE032440FDF}"
EndProject
Project("{FAE04EC0-301F-11D3-BF4B-00C04F79EFBC}") = "Es05_08", "Es05_08\Es05_08.csproj", "{2D3AA727-60CA-45E1-AACD-FD450A98D3E6}"
EndProject
Project("{FAE04EC0-301F-11D3-BF4B-00C04F79EFBC}") = "Es05_09", "Es05_09\Es05_09.csproj", "{A945345D-8F00-4043-99AA-33B006FB509C}"
EndProject
Project("{FAE04EC0-301F-11D3-BF4B-00C04F79EFBC}") = "Es05_11", "Es05_11\Es05_11.csproj", "{C66BC59E-D21C-4385-A64F-AC46B3F5B25F}"
EndProject
Global
	GlobalSection(SolutionConfigurationPlatforms) = preSolution
		Debug|Any CPU = Debug|Any CPU
		Release|Any CPU = Release|Any CPU
	EndGlobalSection
	GlobalSection(ProjectConfigurationPlatforms) = postSolution
		{8AB10CB6-6A3E-41F4-A9B1-CCE032440FDF}.Debug|Any CPU.ActiveCfg = Debug|Any CPU
		{8AB10CB6-6A3E-41F4-A9B1-CCE032440FDF}.Debug|Any CPU.Build.0 = Debug|Any CPU
		{8AB10CB6-6A3E-41F4-A9B1-CCE032440FDF}.Release|Any CPU.ActiveCfg = Release|Any CPU
		{8AB10CB6-6A3E-41F4-A9B1-CCE032440FDF}.Release|Any CPU.Build.0 = Release|Any CPU
		{2D3AA727-60CA-45E1-AACD-FD450A98D3E6}.Debug|Any CPU.ActiveCfg = Debug|Any CPU
		{2D3AA727-60CA-45E1-AACD-FD450A98D3E6}.Debug|Any CPU.Build.0 = Debug|Any CPU
		{2D3AA727-60CA-45E1-AACD-FD450A98D3E6}.Release|Any CPU.ActiveCfg = Release|Any CPU
		{2D3AA727-60CA-45E1-AACD-FD450A98D3E6}.Release|Any CPU.Build.0 = Release|Any CPU
		{A945345D-8F00-4043-99AA-33B006FB509C}.Debug|Any CPU.ActiveCfg = Debug|Any CPU
		{A945345D-8F00-4043-99AA-33B006FB509C}.Debug|Any CPU.Build.0 = Debug|Any CPU
		{A945345D-8F00-4043-99AA-33B006FB509C}.Release|Any CPU.ActiveCfg = Release|Any CPU
		{A945345D-8F00-4043-99AA-33B006FB509C}.Release|Any CPU.Build.0 = Release|Any CPU
		{C66BC59E-D21C-4385-A64F-AC46B3F5B25F}.Debug|Any CPU.ActiveCfg = Debug|Any CPU
		{C66BC59E-D21C-4385-A64F-AC46B3F5B25F}.Debug|Any CPU.Build.0 = Debug|Any CPU
		{C66BC59E-D21C-4385-A64F-AC46B3F5B25F}.Release|Any CPU.ActiveCfg = Release|Any CPU
		{C66BC59E-D21C-4385-A64F-AC46B3F5B25F}.Release|Any CPU.Build.0 = Release|Any CPU
	EndGlobalSection
	GlobalSection(SolutionProperties) = preSolution
		HideSolutionNode = FALSE
	EndGlobalSection
EndGlobal
