
Microsoft Visual Studio Solution File, Format Version 12.00
# Visual Studio Version 16
VisualStudioVersion = 16.0.30011.22
MinimumVisualStudioVersion = 10.0.40219.1
Project("{FAE04EC0-301F-11D3-BF4B-00C04F79EFBC}") = "_201074627_김혜진_", "WindowsFormsApp2\_201074627_김혜진_.csproj", "{4A125B03-8CC7-4708-96FD-A5125141D751}"
EndProject
Global
	GlobalSection(SolutionConfigurationPlatforms) = preSolution
		Debug|Any CPU = Debug|Any CPU
		Release|Any CPU = Release|Any CPU
	EndGlobalSection
	GlobalSection(ProjectConfigurationPlatforms) = postSolution
		{4A125B03-8CC7-4708-96FD-A5125141D751}.Debug|Any CPU.ActiveCfg = Debug|Any CPU
		{4A125B03-8CC7-4708-96FD-A5125141D751}.Debug|Any CPU.Build.0 = Debug|Any CPU
		{4A125B03-8CC7-4708-96FD-A5125141D751}.Release|Any CPU.ActiveCfg = Release|Any CPU
		{4A125B03-8CC7-4708-96FD-A5125141D751}.Release|Any CPU.Build.0 = Release|Any CPU
	EndGlobalSection
	GlobalSection(SolutionProperties) = preSolution
		HideSolutionNode = FALSE
	EndGlobalSection
	GlobalSection(ExtensibilityGlobals) = postSolution
		SolutionGuid = {810C2F39-F7F7-41A0-8381-45010D6BBAD8}
	EndGlobalSection
EndGlobal
