
Microsoft Visual Studio Solution File, Format Version 12.00
# Visual Studio 14
VisualStudioVersion = 14.0.25420.1
MinimumVisualStudioVersion = 10.0.40219.1
Project("{FAE04EC0-301F-11D3-BF4B-00C04F79EFBC}") = "Es12_05_01", "Es12_05_01\Es12_05_01.csproj", "{FC30F2F4-2F1B-4F1E-A732-8C6B7724CE8A}"
EndProject
Project("{FAE04EC0-301F-11D3-BF4B-00C04F79EFBC}") = "Es12_05_02", "Es12_05_02\Es12_05_02.csproj", "{6C2CB938-E04B-4425-BCD2-98C82D540F89}"
EndProject
Project("{FAE04EC0-301F-11D3-BF4B-00C04F79EFBC}") = "Es12_05_03", "Es12_05_03\Es12_05_03.csproj", "{D80D0687-2858-4371-B0AF-852C69590399}"
EndProject
Project("{FAE04EC0-301F-11D3-BF4B-00C04F79EFBC}") = "Es12_05_04", "Es12_05_04\Es12_05_04.csproj", "{49949DC5-4E0B-44D1-97BD-8A57B34596F8}"
EndProject
Project("{FAE04EC0-301F-11D3-BF4B-00C04F79EFBC}") = "Es12_05_05", "Es12_05_05\Es12_05_05.csproj", "{1A8D400A-4170-47C2-8374-EC515D55EDC4}"
EndProject
Project("{FAE04EC0-301F-11D3-BF4B-00C04F79EFBC}") = "Es12_05_06", "Es12_05_06\Es12_05_06.csproj", "{98BB9B0E-D91E-466D-8F70-3DBA118DC68A}"
EndProject
Project("{FAE04EC0-301F-11D3-BF4B-00C04F79EFBC}") = "Es12_05_07_01", "Es12_05_07_01\Es12_05_07_01.csproj", "{A95A0F77-D379-48FB-ADA1-6B72E21D5741}"
EndProject
Project("{FAE04EC0-301F-11D3-BF4B-00C04F79EFBC}") = "Es12_05_07_02", "Es12_05_07_02\Es12_05_07_02.csproj", "{963A9CF6-61EB-4A94-8CA8-2DB82F45AD8C}"
EndProject
Project("{FAE04EC0-301F-11D3-BF4B-00C04F79EFBC}") = "Es12_05_07_03", "Es12_05_07_03\Es12_05_07_03.csproj", "{FF09372A-5E2D-4389-9908-C45E27183AC4}"
EndProject
Project("{FAE04EC0-301F-11D3-BF4B-00C04F79EFBC}") = "Es12_05_07_04", "Es12_05_07_04\Es12_05_07_04.csproj", "{599D6028-9A11-4C9D-9F0F-F06B3D6F3F5B}"
EndProject
Global
	GlobalSection(SolutionConfigurationPlatforms) = preSolution
		Debug|Any CPU = Debug|Any CPU
		Release|Any CPU = Release|Any CPU
	EndGlobalSection
	GlobalSection(ProjectConfigurationPlatforms) = postSolution
		{FC30F2F4-2F1B-4F1E-A732-8C6B7724CE8A}.Debug|Any CPU.ActiveCfg = Debug|Any CPU
		{FC30F2F4-2F1B-4F1E-A732-8C6B7724CE8A}.Debug|Any CPU.Build.0 = Debug|Any CPU
		{FC30F2F4-2F1B-4F1E-A732-8C6B7724CE8A}.Release|Any CPU.ActiveCfg = Release|Any CPU
		{FC30F2F4-2F1B-4F1E-A732-8C6B7724CE8A}.Release|Any CPU.Build.0 = Release|Any CPU
		{6C2CB938-E04B-4425-BCD2-98C82D540F89}.Debug|Any CPU.ActiveCfg = Debug|Any CPU
		{6C2CB938-E04B-4425-BCD2-98C82D540F89}.Debug|Any CPU.Build.0 = Debug|Any CPU
		{6C2CB938-E04B-4425-BCD2-98C82D540F89}.Release|Any CPU.ActiveCfg = Release|Any CPU
		{6C2CB938-E04B-4425-BCD2-98C82D540F89}.Release|Any CPU.Build.0 = Release|Any CPU
		{D80D0687-2858-4371-B0AF-852C69590399}.Debug|Any CPU.ActiveCfg = Debug|Any CPU
		{D80D0687-2858-4371-B0AF-852C69590399}.Debug|Any CPU.Build.0 = Debug|Any CPU
		{D80D0687-2858-4371-B0AF-852C69590399}.Release|Any CPU.ActiveCfg = Release|Any CPU
		{D80D0687-2858-4371-B0AF-852C69590399}.Release|Any CPU.Build.0 = Release|Any CPU
		{49949DC5-4E0B-44D1-97BD-8A57B34596F8}.Debug|Any CPU.ActiveCfg = Debug|Any CPU
		{49949DC5-4E0B-44D1-97BD-8A57B34596F8}.Debug|Any CPU.Build.0 = Debug|Any CPU
		{49949DC5-4E0B-44D1-97BD-8A57B34596F8}.Release|Any CPU.ActiveCfg = Release|Any CPU
		{49949DC5-4E0B-44D1-97BD-8A57B34596F8}.Release|Any CPU.Build.0 = Release|Any CPU
		{1A8D400A-4170-47C2-8374-EC515D55EDC4}.Debug|Any CPU.ActiveCfg = Debug|Any CPU
		{1A8D400A-4170-47C2-8374-EC515D55EDC4}.Debug|Any CPU.Build.0 = Debug|Any CPU
		{1A8D400A-4170-47C2-8374-EC515D55EDC4}.Release|Any CPU.ActiveCfg = Release|Any CPU
		{1A8D400A-4170-47C2-8374-EC515D55EDC4}.Release|Any CPU.Build.0 = Release|Any CPU
		{98BB9B0E-D91E-466D-8F70-3DBA118DC68A}.Debug|Any CPU.ActiveCfg = Debug|Any CPU
		{98BB9B0E-D91E-466D-8F70-3DBA118DC68A}.Debug|Any CPU.Build.0 = Debug|Any CPU
		{98BB9B0E-D91E-466D-8F70-3DBA118DC68A}.Release|Any CPU.ActiveCfg = Release|Any CPU
		{98BB9B0E-D91E-466D-8F70-3DBA118DC68A}.Release|Any CPU.Build.0 = Release|Any CPU
		{A95A0F77-D379-48FB-ADA1-6B72E21D5741}.Debug|Any CPU.ActiveCfg = Debug|Any CPU
		{A95A0F77-D379-48FB-ADA1-6B72E21D5741}.Debug|Any CPU.Build.0 = Debug|Any CPU
		{A95A0F77-D379-48FB-ADA1-6B72E21D5741}.Release|Any CPU.ActiveCfg = Release|Any CPU
		{A95A0F77-D379-48FB-ADA1-6B72E21D5741}.Release|Any CPU.Build.0 = Release|Any CPU
		{963A9CF6-61EB-4A94-8CA8-2DB82F45AD8C}.Debug|Any CPU.ActiveCfg = Debug|Any CPU
		{963A9CF6-61EB-4A94-8CA8-2DB82F45AD8C}.Debug|Any CPU.Build.0 = Debug|Any CPU
		{963A9CF6-61EB-4A94-8CA8-2DB82F45AD8C}.Release|Any CPU.ActiveCfg = Release|Any CPU
		{963A9CF6-61EB-4A94-8CA8-2DB82F45AD8C}.Release|Any CPU.Build.0 = Release|Any CPU
		{FF09372A-5E2D-4389-9908-C45E27183AC4}.Debug|Any CPU.ActiveCfg = Debug|Any CPU
		{FF09372A-5E2D-4389-9908-C45E27183AC4}.Debug|Any CPU.Build.0 = Debug|Any CPU
		{FF09372A-5E2D-4389-9908-C45E27183AC4}.Release|Any CPU.ActiveCfg = Release|Any CPU
		{FF09372A-5E2D-4389-9908-C45E27183AC4}.Release|Any CPU.Build.0 = Release|Any CPU
		{599D6028-9A11-4C9D-9F0F-F06B3D6F3F5B}.Debug|Any CPU.ActiveCfg = Debug|Any CPU
		{599D6028-9A11-4C9D-9F0F-F06B3D6F3F5B}.Debug|Any CPU.Build.0 = Debug|Any CPU
		{599D6028-9A11-4C9D-9F0F-F06B3D6F3F5B}.Release|Any CPU.ActiveCfg = Release|Any CPU
		{599D6028-9A11-4C9D-9F0F-F06B3D6F3F5B}.Release|Any CPU.Build.0 = Release|Any CPU
	EndGlobalSection
	GlobalSection(SolutionProperties) = preSolution
		HideSolutionNode = FALSE
	EndGlobalSection
EndGlobal
